
Microsoft Visual Studio Solution File, Format Version 12.00
# Visual Studio Version 17
VisualStudioVersion = 17.5.2.0
MinimumVisualStudioVersion = 10.0.40219.1
Project("{FAE04EC0-301F-11D3-BF4B-00C04F79EFBC}") = "CleanCQRSPOC", "CleanCQRSPOC.csproj", "{447B672A-4C75-4609-9B8B-EB0E6F99C6D8}"
EndProject
Project("{FAE04EC0-301F-11D3-BF4B-00C04F79EFBC}") = "CleanCQRSPOC.Tests", "CleanCQRSPOC.Tests\CleanCQRSPOC.Tests.csproj", "{5A35AD70-3F0A-4600-91AA-7CF2D025BA60}"
EndProject
Global
	GlobalSection(SolutionConfigurationPlatforms) = preSolution
		Debug|Any CPU = Debug|Any CPU
		Release|Any CPU = Release|Any CPU
	EndGlobalSection
	GlobalSection(ProjectConfigurationPlatforms) = postSolution
		{447B672A-4C75-4609-9B8B-EB0E6F99C6D8}.Debug|Any CPU.ActiveCfg = Debug|Any CPU
		{447B672A-4C75-4609-9B8B-EB0E6F99C6D8}.Debug|Any CPU.Build.0 = Debug|Any CPU
		{447B672A-4C75-4609-9B8B-EB0E6F99C6D8}.Release|Any CPU.ActiveCfg = Release|Any CPU
		{447B672A-4C75-4609-9B8B-EB0E6F99C6D8}.Release|Any CPU.Build.0 = Release|Any CPU
		{5A35AD70-3F0A-4600-91AA-7CF2D025BA60}.Debug|Any CPU.ActiveCfg = Debug|Any CPU
		{5A35AD70-3F0A-4600-91AA-7CF2D025BA60}.Debug|Any CPU.Build.0 = Debug|Any CPU
		{5A35AD70-3F0A-4600-91AA-7CF2D025BA60}.Release|Any CPU.ActiveCfg = Release|Any CPU
		{5A35AD70-3F0A-4600-91AA-7CF2D025BA60}.Release|Any CPU.Build.0 = Release|Any CPU
	EndGlobalSection
	GlobalSection(SolutionProperties) = preSolution
		HideSolutionNode = FALSE
	EndGlobalSection
	GlobalSection(ExtensibilityGlobals) = postSolution
		SolutionGuid = {0828393D-B758-43EC-BDA7-8E7E564AFC3A}
	EndGlobalSection
EndGlobal
